// !$*UTF8*$!
{
	archiveVersion = 1;
	classes = {
	};
	objectVersion = 46;
	objects = {

/* Begin PBXBuildFile section */
		86B8DBBE1E0FE2CE007BB84B /* AppDelegate.swift in Sources */ = {isa = PBXBuildFile; fileRef = 86B8DBBD1E0FE2CE007BB84B /* AppDelegate.swift */; };
		86B8DBC01E0FE2CE007BB84B /* ViewController.swift in Sources */ = {isa = PBXBuildFile; fileRef = 86B8DBBF1E0FE2CE007BB84B /* ViewController.swift */; };
		86B8DBC31E0FE2CE007BB84B /* Main.storyboard in Resources */ = {isa = PBXBuildFile; fileRef = 86B8DBC11E0FE2CE007BB84B /* Main.storyboard */; };
		86B8DBC51E0FE2CE007BB84B /* Assets.xcassets in Resources */ = {isa = PBXBuildFile; fileRef = 86B8DBC41E0FE2CE007BB84B /* Assets.xcassets */; };
		86B8DBC81E0FE2CE007BB84B /* LaunchScreen.storyboard in Resources */ = {isa = PBXBuildFile; fileRef = 86B8DBC61E0FE2CE007BB84B /* LaunchScreen.storyboard */; };
		86B8DBD01E0FE2F7007BB84B /* AwesomePageControl.swift in Sources */ = {isa = PBXBuildFile; fileRef = 86B8DBCF1E0FE2F7007BB84B /* AwesomePageControl.swift */; };
/* End PBXBuildFile section */

/* Begin PBXFileReference section */
		86B8DBBA1E0FE2CE007BB84B /* AwesomePageControl.app */ = {isa = PBXFileReference; explicitFileType = wrapper.application; includeInIndex = 0; path = AwesomePageControl.app; sourceTree = BUILT_PRODUCTS_DIR; };
		86B8DBBD1E0FE2CE007BB84B /* AppDelegate.swift */ = {isa = PBXFileReference; lastKnownFileType = sourcecode.swift; path = AppDelegate.swift; sourceTree = "<group>"; };
		86B8DBBF1E0FE2CE007BB84B /* ViewController.swift */ = {isa = PBXFileReference; lastKnownFileType = sourcecode.swift; path = ViewController.swift; sourceTree = "<group>"; };
		86B8DBC21E0FE2CE007BB84B /* Base */ = {isa = PBXFileReference; lastKnownFileType = file.storyboard; name = Base; path = Base.lproj/Main.storyboard; sourceTree = "<group>"; };
		86B8DBC41E0FE2CE007BB84B /* Assets.xcassets */ = {isa = PBXFileReference; lastKnownFileType = folder.assetcatalog; path = Assets.xcassets; sourceTree = "<group>"; };
		86B8DBC71E0FE2CE007BB84B /* Base */ = {isa = PBXFileReference; lastKnownFileType = file.storyboard; name = Base; path = Base.lproj/LaunchScreen.storyboard; sourceTree = "<group>"; };
		86B8DBC91E0FE2CE007BB84B /* Info.plist */ = {isa = PBXFileReference; lastKnownFileType = text.plist.xml; path = Info.plist; sourceTree = "<group>"; };
		86B8DBCF1E0FE2F7007BB84B /* AwesomePageControl.swift */ = {isa = PBXFileReference; fileEncoding = 4; lastKnownFileType = sourcecode.swift; path = AwesomePageControl.swift; sourceTree = "<group>"; };
/* End PBXFileReference section */

/* Begin PBXFrameworksBuildPhase section */
		86B8DBB71E0FE2CE007BB84B /* Frameworks */ = {
			isa = PBXFrameworksBuildPhase;
			buildActionMask = 2147483647;
			files = (
			);
			runOnlyForDeploymentPostprocessing = 0;
		};
/* End PBXFrameworksBuildPhase section */

/* Begin PBXGroup section */
		86B8DBB11E0FE2CE007BB84B = {
			isa = PBXGroup;
			children = (
				86B8DBBC1E0FE2CE007BB84B /* AwesomePageControl */,
				86B8DBBB1E0FE2CE007BB84B /* Products */,
			);
			sourceTree = "<group>";
		};
		86B8DBBB1E0FE2CE007BB84B /* Products */ = {
			isa = PBXGroup;
			children = (
				86B8DBBA1E0FE2CE007BB84B /* AwesomePageControl.app */,
			);
			name = Products;
			sourceTree = "<group>";
		};
		86B8DBBC1E0FE2CE007BB84B /* AwesomePageControl */ = {
			isa = PBXGroup;
			children = (
				86B8DBBD1E0FE2CE007BB84B /* AppDelegate.swift */,
				86B8DBBF1E0FE2CE007BB84B /* ViewController.swift */,
				86B8DBCF1E0FE2F7007BB84B /* AwesomePageControl.swift */,
				86B8DBC11E0FE2CE007BB84B /* Main.storyboard */,
				86B8DBC41E0FE2CE007BB84B /* Assets.xcassets */,
				86B8DBC61E0FE2CE007BB84B /* LaunchScreen.storyboard */,
				86B8DBC91E0FE2CE007BB84B /* Info.plist */,
			);
			path = AwesomePageControl;
			sourceTree = "<group>";
		};
/* End PBXGroup section */

/* Begin PBXNativeTarget section */
		86B8DBB91E0FE2CE007BB84B /* AwesomePageControl */ = {
			isa = PBXNativeTarget;
			buildConfigurationList = 86B8DBCC1E0FE2CE007BB84B /* Build configuration list for PBXNativeTarget "AwesomePageControl" */;
			buildPhases = (
				86B8DBB61E0FE2CE007BB84B /* Sources */,
				86B8DBB71E0FE2CE007BB84B /* Frameworks */,
				86B8DBB81E0FE2CE007BB84B /* Resources */,
			);
			buildRules = (
			);
			dependencies = (
			);
			name = AwesomePageControl;
			productName = AwesomePageControl;
			productReference = 86B8DBBA1E0FE2CE007BB84B /* AwesomePageControl.app */;
			productType = "com.apple.product-type.application";
		};
/* End PBXNativeTarget section */

/* Begin PBXProject section */
		86B8DBB21E0FE2CE007BB84B /* Project object */ = {
			isa = PBXProject;
			attributes = {
				LastSwiftUpdateCheck = 0820;
				LastUpgradeCheck = 0820;
				ORGANIZATIONNAME = "Qiun Cheng";
				TargetAttributes = {
					86B8DBB91E0FE2CE007BB84B = {
						CreatedOnToolsVersion = 8.2;
						DevelopmentTeam = 57EP4P69NV;
						ProvisioningStyle = Automatic;
					};
				};
			};
			buildConfigurationList = 86B8DBB51E0FE2CE007BB84B /* Build configuration list for PBXProject "AwesomePageControl" */;
			compatibilityVersion = "Xcode 3.2";
			developmentRegion = English;
			hasScannedForEncodings = 0;
			knownRegions = (
				en,
				Base,
			);
			mainGroup = 86B8DBB11E0FE2CE007BB84B;
			productRefGroup = 86B8DBBB1E0FE2CE007BB84B /* Products */;
			projectDirPath = "";
			projectRoot = "";
			targets = (
				86B8DBB91E0FE2CE007BB84B /* AwesomePageControl */,
			);
		};
/* End PBXProject section */

/* Begin PBXResourcesBuildPhase section */
		86B8DBB81E0FE2CE007BB84B /* Resources */ = {
			isa = PBXResourcesBuildPhase;
			buildActionMask = 2147483647;
			files = (
				86B8DBC81E0FE2CE007BB84B /* LaunchScreen.storyboard in Resources */,
				86B8DBC51E0FE2CE007BB84B /* Assets.xcassets in Resources */,
				86B8DBC31E0FE2CE007BB84B /* Main.storyboard in Resources */,
			);
			runOnlyForDeploymentPostprocessing = 0;
		};
/* End PBXResourcesBuildPhase section */

/* Begin PBXSourcesBuildPhase section */
		86B8DBB61E0FE2CE007BB84B /* Sources */ = {
			isa = PBXSourcesBuildPhase;
			buildActionMask = 2147483647;
			files = (
				86B8DBD01E0FE2F7007BB84B /* AwesomePageControl.swift in Sources */,
				86B8DBC01E0FE2CE007BB84B /* ViewController.swift in Sources */,
				86B8DBBE1E0FE2CE007BB84B /* AppDelegate.swift in Sources */,
			);
			runOnlyForDeploymentPostprocessing = 0;
		};
/* End PBXSourcesBuildPhase section */

/* Begin PBXVariantGroup section */
		86B8DBC11E0FE2CE007BB84B /* Main.storyboard */ = {
			isa = PBXVariantGroup;
			children = (
				86B8DBC21E0FE2CE007BB84B /* Base */,
			);
			name = Main.storyboard;
			sourceTree = "<group>";
		};
		86B8DBC61E0FE2CE007BB84B /* LaunchScreen.storyboard */ = {
			isa = PBXVariantGroup;
			children = (
				86B8DBC71E0FE2CE007BB84B /* Base */,
			);
			name = LaunchScreen.storyboard;
			sourceTree = "<group>";
		};
/* End PBXVariantGroup section */

/* Begin XCBuildConfiguration section */
		86B8DBCA1E0FE2CE007BB84B /* Debug */ = {
			isa = XCBuildConfiguration;
			buildSettings = {
				ALWAYS_SEARCH_USER_PATHS = NO;
				CLANG_ANALYZER_NONNULL = YES;
				CLANG_CXX_LANGUAGE_STANDARD = "gnu++0x";
				CLANG_CXX_LIBRARY = "libc++";
				CLANG_ENABLE_MODULES = YES;
				CLANG_ENABLE_OBJC_ARC = YES;
				CLANG_WARN_BOOL_CONVERSION = YES;
				CLANG_WARN_CONSTANT_CONVERSION = YES;
				CLANG_WARN_DIRECT_OBJC_ISA_USAGE = YES_ERROR;
				CLANG_WARN_DOCUMENTATION_COMMENTS = YES;
				CLANG_WARN_EMPTY_BODY = YES;
				CLANG_WARN_ENUM_CONVERSION = YES;
				CLANG_WARN_INFINITE_RECURSION = YES;
				CLANG_WARN_INT_CONVERSION = YES;
				CLANG_WARN_OBJC_ROOT_CLASS = YES_ERROR;
				CLANG_WARN_SUSPICIOUS_MOVE = YES;
				CLANG_WARN_UNREACHABLE_CODE = YES;
				CLANG_WARN__DUPLICATE_METHOD_MATCH = YES;
				"CODE_SIGN_IDENTITY[sdk=iphoneos*]" = "iPhone Developer";
				COPY_PHASE_STRIP = NO;
				DEBUG_INFORMATION_FORMAT = dwarf;
				ENABLE_STRICT_OBJC_MSGSEND = YES;
				ENABLE_TESTABILITY = YES;
				GCC_C_LANGUAGE_STANDARD = gnu99;
				GCC_DYNAMIC_NO_PIC = NO;
				GCC_NO_COMMON_BLOCKS = YES;
				GCC_OPTIMIZATION_LEVEL = 0;
				GCC_PREPROCESSOR_DEFINITIONS = (
					"DEBUG=1",
					"$(inherited)",
				);
				GCC_WARN_64_TO_32_BIT_CONVERSION = YES;
				GCC_WARN_ABOUT_RETURN_TYPE = YES_ERROR;
				GCC_WARN_UNDECLARED_SELECTOR = YES;
				GCC_WARN_UNINITIALIZED_AUTOS = YES_AGGRESSIVE;
				GCC_WARN_UNUSED_FUNCTION = YES;
				GCC_WARN_UNUSED_VARIABLE = YES;
				IPHONEOS_DEPLOYMENT_TARGET = 10.2;
				MTL_ENABLE_DEBUG_INFO = YES;
				ONLY_ACTIVE_ARCH = YES;
				SDKROOT = iphoneos;
				SWIFT_ACTIVE_COMPILATION_CONDITIONS = DEBUG;
				SWIFT_OPTIMIZATION_LEVEL = "-Onone";
			};
			name = Debug;
		};
		86B8DBCB1E0FE2CE007BB84B /* Release */ = {
			isa = XCBuildConfiguration;
			buildSettings = {
				ALWAYS_SEARCH_USER_PATHS = NO;
				CLANG_ANALYZER_NONNULL = YES;
				CLANG_CXX_LANGUAGE_STANDARD = "gnu++0x";
				CLANG_CXX_LIBRARY = "libc++";
				CLANG_ENABLE_MODULES = YES;
				CLANG_ENABLE_OBJC_ARC = YES;
				CLANG_WARN_BOOL_CONVERSION = YES;
				CLANG_WARN_CONSTANT_CONVERSION = YES;
				CLANG_WARN_DIRECT_OBJC_ISA_USAGE = YES_ERROR;
				CLANG_WARN_DOCUMENTATION_COMMENTS = YES;
				CLANG_WARN_EMPTY_BODY = YES;
				CLANG_WARN_ENUM_CONVERSION = YES;
				CLANG_WARN_INFINITE_RECURSION = YES;
				CLANG_WARN_INT_CONVERSION = YES;
				CLANG_WARN_OBJC_ROOT_CLASS = YES_ERROR;
				CLANG_WARN_SUSPICIOUS_MOVE = YES;
				CLANG_WARN_UNREACHABLE_CODE = YES;
				CLANG_WARN__DUPLICATE_METHOD_MATCH = YES;
				"CODE_SIGN_IDENTITY[sdk=iphoneos*]" = "iPhone Developer";
				COPY_PHASE_STRIP = NO;
				DEBUG_INFORMATION_FORMAT = "dwarf-with-dsym";
				ENABLE_NS_ASSERTIONS = NO;
				ENABLE_STRICT_OBJC_MSGSEND = YES;
				GCC_C_LANGUAGE_STANDARD = gnu99;
				GCC_NO_COMMON_BLOCKS = YES;
				GCC_WARN_64_TO_32_BIT_CONVERSION = YES;
				GCC_WARN_ABOUT_RETURN_TYPE = YES_ERROR;
				GCC_WARN_UNDECLARED_SELECTOR = YES;
				GCC_WARN_UNINITIALIZED_AUTOS = YES_AGGRESSIVE;
				GCC_WARN_UNUSED_FUNCTION = YES;
				GCC_WARN_UNUSED_VARIABLE = YES;
				IPHONEOS_DEPLOYMENT_TARGET = 10.2;
				MTL_ENABLE_DEBUG_INFO = NO;
				SDKROOT = iphoneos;
				SWIFT_OPTIMIZATION_LEVEL = "-Owholemodule";
				VALIDATE_PRODUCT = YES;
			};
			name = Release;
		};
		86B8DBCD1E0FE2CE007BB84B /* Debug */ = {
			isa = XCBuildConfiguration;
			buildSettings = {
				ASSETCATALOG_COMPILER_APPICON_NAME = AppIcon;
				DEVELOPMENT_TEAM = 57EP4P69NV;
				INFOPLIST_FILE = AwesomePageControl/Info.plist;
				LD_RUNPATH_SEARCH_PATHS = "$(inherited) @executable_path/Frameworks";
				PRODUCT_BUNDLE_IDENTIFIER = com.qiuncheng.AwesomePageControl;
				PRODUCT_NAME = "$(TARGET_NAME)";
				SWIFT_VERSION = 3.0;
			};
			name = Debug;
		};
		86B8DBCE1E0FE2CE007BB84B /* Release */ = {
			isa = XCBuildConfiguration;
			buildSettings = {
				ASSETCATALOG_COMPILER_APPICON_NAME = AppIcon;
				DEVELOPMENT_TEAM = 57EP4P69NV;
				INFOPLIST_FILE = AwesomePageControl/Info.plist;
				LD_RUNPATH_SEARCH_PATHS = "$(inherited) @executable_path/Frameworks";
				PRODUCT_BUNDLE_IDENTIFIER = com.qiuncheng.AwesomePageControl;
				PRODUCT_NAME = "$(TARGET_NAME)";
				SWIFT_VERSION = 3.0;
			};
			name = Release;
		};
/* End XCBuildConfiguration section */

/* Begin XCConfigurationList section */
		86B8DBB51E0FE2CE007BB84B /* Build configuration list for PBXProject "AwesomePageControl" */ = {
			isa = XCConfigurationList;
			buildConfigurations = (
				86B8DBCA1E0FE2CE007BB84B /* Debug */,
				86B8DBCB1E0FE2CE007BB84B /* Release */,
			);
			defaultConfigurationIsVisible = 0;
			defaultConfigurationName = Release;
		};
		86B8DBCC1E0FE2CE007BB84B /* Build configuration list for PBXNativeTarget "AwesomePageControl" */ = {
			isa = XCConfigurationList;
			buildConfigurations = (
				86B8DBCD1E0FE2CE007BB84B /* Debug */,
				86B8DBCE1E0FE2CE007BB84B /* Release */,
			);
			defaultConfigurationIsVisible = 0;
		};
/* End XCConfigurationList section */
	};
	rootObject = 86B8DBB21E0FE2CE007BB84B /* Project object */;
}
