// !$*UTF8*$!
{
	archiveVersion = 1;
	classes = {
	};
	objectVersion = 46;
	objects = {

/* Begin PBXBuildFile section */
		F2B979E51E30A7C700A43AC4 /* AppDelegate.swift in Sources */ = {isa = PBXBuildFile; fileRef = F2B979E41E30A7C700A43AC4 /* AppDelegate.swift */; };
		F2B979E71E30A7C700A43AC4 /* ViewController.swift in Sources */ = {isa = PBXBuildFile; fileRef = F2B979E61E30A7C700A43AC4 /* ViewController.swift */; };
		F2B979EA1E30A7C700A43AC4 /* Main.storyboard in Resources */ = {isa = PBXBuildFile; fileRef = F2B979E81E30A7C700A43AC4 /* Main.storyboard */; };
		F2B979EC1E30A7C700A43AC4 /* Assets.xcassets in Resources */ = {isa = PBXBuildFile; fileRef = F2B979EB1E30A7C700A43AC4 /* Assets.xcassets */; };
		F2B979EF1E30A7C700A43AC4 /* LaunchScreen.storyboard in Resources */ = {isa = PBXBuildFile; fileRef = F2B979ED1E30A7C700A43AC4 /* LaunchScreen.storyboard */; };
/* End PBXBuildFile section */

/* Begin PBXFileReference section */
		F2B979E11E30A7C700A43AC4 /* Detector.app */ = {isa = PBXFileReference; explicitFileType = wrapper.application; includeInIndex = 0; path = Detector.app; sourceTree = BUILT_PRODUCTS_DIR; };
		F2B979E41E30A7C700A43AC4 /* AppDelegate.swift */ = {isa = PBXFileReference; lastKnownFileType = sourcecode.swift; path = AppDelegate.swift; sourceTree = "<group>"; };
		F2B979E61E30A7C700A43AC4 /* ViewController.swift */ = {isa = PBXFileReference; lastKnownFileType = sourcecode.swift; path = ViewController.swift; sourceTree = "<group>"; };
		F2B979E91E30A7C700A43AC4 /* Base */ = {isa = PBXFileReference; lastKnownFileType = file.storyboard; name = Base; path = Base.lproj/Main.storyboard; sourceTree = "<group>"; };
		F2B979EB1E30A7C700A43AC4 /* Assets.xcassets */ = {isa = PBXFileReference; lastKnownFileType = folder.assetcatalog; path = Assets.xcassets; sourceTree = "<group>"; };
		F2B979EE1E30A7C700A43AC4 /* Base */ = {isa = PBXFileReference; lastKnownFileType = file.storyboard; name = Base; path = Base.lproj/LaunchScreen.storyboard; sourceTree = "<group>"; };
		F2B979F01E30A7C700A43AC4 /* Info.plist */ = {isa = PBXFileReference; lastKnownFileType = text.plist.xml; path = Info.plist; sourceTree = "<group>"; };
/* End PBXFileReference section */

/* Begin PBXFrameworksBuildPhase section */
		F2B979DE1E30A7C700A43AC4 /* Frameworks */ = {
			isa = PBXFrameworksBuildPhase;
			buildActionMask = 2147483647;
			files = (
			);
			runOnlyForDeploymentPostprocessing = 0;
		};
/* End PBXFrameworksBuildPhase section */

/* Begin PBXGroup section */
		F2B979D81E30A7C700A43AC4 = {
			isa = PBXGroup;
			children = (
				F2B979E31E30A7C700A43AC4 /* Detector */,
				F2B979E21E30A7C700A43AC4 /* Products */,
			);
			sourceTree = "<group>";
		};
		F2B979E21E30A7C700A43AC4 /* Products */ = {
			isa = PBXGroup;
			children = (
				F2B979E11E30A7C700A43AC4 /* Detector.app */,
			);
			name = Products;
			sourceTree = "<group>";
		};
		F2B979E31E30A7C700A43AC4 /* Detector */ = {
			isa = PBXGroup;
			children = (
				F2B979E41E30A7C700A43AC4 /* AppDelegate.swift */,
				F2B979E61E30A7C700A43AC4 /* ViewController.swift */,
				F2B979E81E30A7C700A43AC4 /* Main.storyboard */,
				F2B979EB1E30A7C700A43AC4 /* Assets.xcassets */,
				F2B979ED1E30A7C700A43AC4 /* LaunchScreen.storyboard */,
				F2B979F01E30A7C700A43AC4 /* Info.plist */,
			);
			path = Detector;
			sourceTree = "<group>";
		};
/* End PBXGroup section */

/* Begin PBXNativeTarget section */
		F2B979E01E30A7C700A43AC4 /* Detector */ = {
			isa = PBXNativeTarget;
			buildConfigurationList = F2B979F31E30A7C700A43AC4 /* Build configuration list for PBXNativeTarget "Detector" */;
			buildPhases = (
				F2B979DD1E30A7C700A43AC4 /* Sources */,
				F2B979DE1E30A7C700A43AC4 /* Frameworks */,
				F2B979DF1E30A7C700A43AC4 /* Resources */,
			);
			buildRules = (
			);
			dependencies = (
			);
			name = Detector;
			productName = Detector;
			productReference = F2B979E11E30A7C700A43AC4 /* Detector.app */;
			productType = "com.apple.product-type.application";
		};
/* End PBXNativeTarget section */

/* Begin PBXProject section */
		F2B979D91E30A7C700A43AC4 /* Project object */ = {
			isa = PBXProject;
			attributes = {
				LastSwiftUpdateCheck = 0820;
				LastUpgradeCheck = 0820;
				ORGANIZATIONNAME = Qiuncheng;
				TargetAttributes = {
					F2B979E01E30A7C700A43AC4 = {
						CreatedOnToolsVersion = 8.2.1;
						DevelopmentTeam = JDTEF93AA4;
						ProvisioningStyle = Automatic;
					};
				};
			};
			buildConfigurationList = F2B979DC1E30A7C700A43AC4 /* Build configuration list for PBXProject "Detector" */;
			compatibilityVersion = "Xcode 3.2";
			developmentRegion = English;
			hasScannedForEncodings = 0;
			knownRegions = (
				en,
				Base,
			);
			mainGroup = F2B979D81E30A7C700A43AC4;
			productRefGroup = F2B979E21E30A7C700A43AC4 /* Products */;
			projectDirPath = "";
			projectRoot = "";
			targets = (
				F2B979E01E30A7C700A43AC4 /* Detector */,
			);
		};
/* End PBXProject section */

/* Begin PBXResourcesBuildPhase section */
		F2B979DF1E30A7C700A43AC4 /* Resources */ = {
			isa = PBXResourcesBuildPhase;
			buildActionMask = 2147483647;
			files = (
				F2B979EF1E30A7C700A43AC4 /* LaunchScreen.storyboard in Resources */,
				F2B979EC1E30A7C700A43AC4 /* Assets.xcassets in Resources */,
				F2B979EA1E30A7C700A43AC4 /* Main.storyboard in Resources */,
			);
			runOnlyForDeploymentPostprocessing = 0;
		};
/* End PBXResourcesBuildPhase section */

/* Begin PBXSourcesBuildPhase section */
		F2B979DD1E30A7C700A43AC4 /* Sources */ = {
			isa = PBXSourcesBuildPhase;
			buildActionMask = 2147483647;
			files = (
				F2B979E71E30A7C700A43AC4 /* ViewController.swift in Sources */,
				F2B979E51E30A7C700A43AC4 /* AppDelegate.swift in Sources */,
			);
			runOnlyForDeploymentPostprocessing = 0;
		};
/* End PBXSourcesBuildPhase section */

/* Begin PBXVariantGroup section */
		F2B979E81E30A7C700A43AC4 /* Main.storyboard */ = {
			isa = PBXVariantGroup;
			children = (
				F2B979E91E30A7C700A43AC4 /* Base */,
			);
			name = Main.storyboard;
			sourceTree = "<group>";
		};
		F2B979ED1E30A7C700A43AC4 /* LaunchScreen.storyboard */ = {
			isa = PBXVariantGroup;
			children = (
				F2B979EE1E30A7C700A43AC4 /* Base */,
			);
			name = LaunchScreen.storyboard;
			sourceTree = "<group>";
		};
/* End PBXVariantGroup section */

/* Begin XCBuildConfiguration section */
		F2B979F11E30A7C700A43AC4 /* Debug */ = {
			isa = XCBuildConfiguration;
			buildSettings = {
				ALWAYS_SEARCH_USER_PATHS = NO;
				CLANG_ANALYZER_NONNULL = YES;
				CLANG_CXX_LANGUAGE_STANDARD = "gnu++0x";
				CLANG_CXX_LIBRARY = "libc++";
				CLANG_ENABLE_MODULES = YES;
				CLANG_ENABLE_OBJC_ARC = YES;
				CLANG_WARN_BOOL_CONVERSION = YES;
				CLANG_WARN_CONSTANT_CONVERSION = YES;
				CLANG_WARN_DIRECT_OBJC_ISA_USAGE = YES_ERROR;
				CLANG_WARN_DOCUMENTATION_COMMENTS = YES;
				CLANG_WARN_EMPTY_BODY = YES;
				CLANG_WARN_ENUM_CONVERSION = YES;
				CLANG_WARN_INFINITE_RECURSION = YES;
				CLANG_WARN_INT_CONVERSION = YES;
				CLANG_WARN_OBJC_ROOT_CLASS = YES_ERROR;
				CLANG_WARN_SUSPICIOUS_MOVE = YES;
				CLANG_WARN_UNREACHABLE_CODE = YES;
				CLANG_WARN__DUPLICATE_METHOD_MATCH = YES;
				"CODE_SIGN_IDENTITY[sdk=iphoneos*]" = "iPhone Developer";
				COPY_PHASE_STRIP = NO;
				DEBUG_INFORMATION_FORMAT = dwarf;
				ENABLE_STRICT_OBJC_MSGSEND = YES;
				ENABLE_TESTABILITY = YES;
				GCC_C_LANGUAGE_STANDARD = gnu99;
				GCC_DYNAMIC_NO_PIC = NO;
				GCC_NO_COMMON_BLOCKS = YES;
				GCC_OPTIMIZATION_LEVEL = 0;
				GCC_PREPROCESSOR_DEFINITIONS = (
					"DEBUG=1",
					"$(inherited)",
				);
				GCC_WARN_64_TO_32_BIT_CONVERSION = YES;
				GCC_WARN_ABOUT_RETURN_TYPE = YES_ERROR;
				GCC_WARN_UNDECLARED_SELECTOR = YES;
				GCC_WARN_UNINITIALIZED_AUTOS = YES_AGGRESSIVE;
				GCC_WARN_UNUSED_FUNCTION = YES;
				GCC_WARN_UNUSED_VARIABLE = YES;
				IPHONEOS_DEPLOYMENT_TARGET = 10.2;
				MTL_ENABLE_DEBUG_INFO = YES;
				ONLY_ACTIVE_ARCH = YES;
				SDKROOT = iphoneos;
				SWIFT_ACTIVE_COMPILATION_CONDITIONS = DEBUG;
				SWIFT_OPTIMIZATION_LEVEL = "-Onone";
			};
			name = Debug;
		};
		F2B979F21E30A7C700A43AC4 /* Release */ = {
			isa = XCBuildConfiguration;
			buildSettings = {
				ALWAYS_SEARCH_USER_PATHS = NO;
				CLANG_ANALYZER_NONNULL = YES;
				CLANG_CXX_LANGUAGE_STANDARD = "gnu++0x";
				CLANG_CXX_LIBRARY = "libc++";
				CLANG_ENABLE_MODULES = YES;
				CLANG_ENABLE_OBJC_ARC = YES;
				CLANG_WARN_BOOL_CONVERSION = YES;
				CLANG_WARN_CONSTANT_CONVERSION = YES;
				CLANG_WARN_DIRECT_OBJC_ISA_USAGE = YES_ERROR;
				CLANG_WARN_DOCUMENTATION_COMMENTS = YES;
				CLANG_WARN_EMPTY_BODY = YES;
				CLANG_WARN_ENUM_CONVERSION = YES;
				CLANG_WARN_INFINITE_RECURSION = YES;
				CLANG_WARN_INT_CONVERSION = YES;
				CLANG_WARN_OBJC_ROOT_CLASS = YES_ERROR;
				CLANG_WARN_SUSPICIOUS_MOVE = YES;
				CLANG_WARN_UNREACHABLE_CODE = YES;
				CLANG_WARN__DUPLICATE_METHOD_MATCH = YES;
				"CODE_SIGN_IDENTITY[sdk=iphoneos*]" = "iPhone Developer";
				COPY_PHASE_STRIP = NO;
				DEBUG_INFORMATION_FORMAT = "dwarf-with-dsym";
				ENABLE_NS_ASSERTIONS = NO;
				ENABLE_STRICT_OBJC_MSGSEND = YES;
				GCC_C_LANGUAGE_STANDARD = gnu99;
				GCC_NO_COMMON_BLOCKS = YES;
				GCC_WARN_64_TO_32_BIT_CONVERSION = YES;
				GCC_WARN_ABOUT_RETURN_TYPE = YES_ERROR;
				GCC_WARN_UNDECLARED_SELECTOR = YES;
				GCC_WARN_UNINITIALIZED_AUTOS = YES_AGGRESSIVE;
				GCC_WARN_UNUSED_FUNCTION = YES;
				GCC_WARN_UNUSED_VARIABLE = YES;
				IPHONEOS_DEPLOYMENT_TARGET = 10.2;
				MTL_ENABLE_DEBUG_INFO = NO;
				SDKROOT = iphoneos;
				SWIFT_OPTIMIZATION_LEVEL = "-Owholemodule";
				VALIDATE_PRODUCT = YES;
			};
			name = Release;
		};
		F2B979F41E30A7C700A43AC4 /* Debug */ = {
			isa = XCBuildConfiguration;
			buildSettings = {
				ASSETCATALOG_COMPILER_APPICON_NAME = AppIcon;
				DEVELOPMENT_TEAM = JDTEF93AA4;
				INFOPLIST_FILE = Detector/Info.plist;
				LD_RUNPATH_SEARCH_PATHS = "$(inherited) @executable_path/Frameworks";
				PRODUCT_BUNDLE_IDENTIFIER = com.qiuncheng.Detector;
				PRODUCT_NAME = "$(TARGET_NAME)";
				SWIFT_VERSION = 3.0;
			};
			name = Debug;
		};
		F2B979F51E30A7C700A43AC4 /* Release */ = {
			isa = XCBuildConfiguration;
			buildSettings = {
				ASSETCATALOG_COMPILER_APPICON_NAME = AppIcon;
				DEVELOPMENT_TEAM = JDTEF93AA4;
				INFOPLIST_FILE = Detector/Info.plist;
				LD_RUNPATH_SEARCH_PATHS = "$(inherited) @executable_path/Frameworks";
				PRODUCT_BUNDLE_IDENTIFIER = com.qiuncheng.Detector;
				PRODUCT_NAME = "$(TARGET_NAME)";
				SWIFT_VERSION = 3.0;
			};
			name = Release;
		};
/* End XCBuildConfiguration section */

/* Begin XCConfigurationList section */
		F2B979DC1E30A7C700A43AC4 /* Build configuration list for PBXProject "Detector" */ = {
			isa = XCConfigurationList;
			buildConfigurations = (
				F2B979F11E30A7C700A43AC4 /* Debug */,
				F2B979F21E30A7C700A43AC4 /* Release */,
			);
			defaultConfigurationIsVisible = 0;
			defaultConfigurationName = Release;
		};
		F2B979F31E30A7C700A43AC4 /* Build configuration list for PBXNativeTarget "Detector" */ = {
			isa = XCConfigurationList;
			buildConfigurations = (
				F2B979F41E30A7C700A43AC4 /* Debug */,
				F2B979F51E30A7C700A43AC4 /* Release */,
			);
			defaultConfigurationIsVisible = 0;
		};
/* End XCConfigurationList section */
	};
	rootObject = F2B979D91E30A7C700A43AC4 /* Project object */;
}
