PODS:
  - Alamofire (4.3.0)
  - PromiseKit (4.1.3):
    - PromiseKit/Foundation (= 4.1.3)
    - PromiseKit/QuartzCore (= 4.1.3)
    - PromiseKit/UIKit (= 4.1.3)
  - PromiseKit/Alamofire (4.1.3):
    - Alamofire (~> 4.0)
    - PromiseKit/CorePromise
  - PromiseKit/CorePromise (4.1.3)
  - PromiseKit/Foundation (4.1.3):
    - PromiseKit/CorePromise
  - PromiseKit/QuartzCore (4.1.3):
    - PromiseKit/CorePromise
  - PromiseKit/UIKit (4.1.3):
    - PromiseKit/CorePromise

DEPENDENCIES:
  - PromiseKit (~> 4.1.3)
  - PromiseKit/Alamofire

SPEC CHECKSUMS:
  Alamofire: 856a113053a7bc9cbe5d6367a555d773fc5cfef7
  PromiseKit: 56baec63efa89210c023260879435a5a6b3bff00

PODFILE CHECKSUM: 238e1a242faa25eca5e6c2c2f7447f3358da8d25

COCOAPODS: 1.1.1
