// !$*UTF8*$!
{
	archiveVersion = 1;
	classes = {
	};
	objectVersion = 46;
	objects = {

/* Begin PBXBuildFile section */
		C055DBCB98E657CF5C185AC9 /* Pods_TestPromiseKit.framework in Frameworks */ = {isa = PBXBuildFile; fileRef = 53BE68D26485E0147D1C8321 /* Pods_TestPromiseKit.framework */; };
		F223264B1E34C320007446CC /* AppDelegate.swift in Sources */ = {isa = PBXBuildFile; fileRef = F223264A1E34C320007446CC /* AppDelegate.swift */; };
		F223264D1E34C320007446CC /* ViewController.swift in Sources */ = {isa = PBXBuildFile; fileRef = F223264C1E34C320007446CC /* ViewController.swift */; };
		F22326501E34C320007446CC /* Main.storyboard in Resources */ = {isa = PBXBuildFile; fileRef = F223264E1E34C320007446CC /* Main.storyboard */; };
		F22326521E34C320007446CC /* Assets.xcassets in Resources */ = {isa = PBXBuildFile; fileRef = F22326511E34C320007446CC /* Assets.xcassets */; };
		F22326551E34C320007446CC /* LaunchScreen.storyboard in Resources */ = {isa = PBXBuildFile; fileRef = F22326531E34C320007446CC /* LaunchScreen.storyboard */; };
/* End PBXBuildFile section */

/* Begin PBXFileReference section */
		53BE68D26485E0147D1C8321 /* Pods_TestPromiseKit.framework */ = {isa = PBXFileReference; explicitFileType = wrapper.framework; includeInIndex = 0; path = Pods_TestPromiseKit.framework; sourceTree = BUILT_PRODUCTS_DIR; };
		E2DD4DFB4B4254F026582C67 /* Pods-TestPromiseKit.debug.xcconfig */ = {isa = PBXFileReference; includeInIndex = 1; lastKnownFileType = text.xcconfig; name = "Pods-TestPromiseKit.debug.xcconfig"; path = "Pods/Target Support Files/Pods-TestPromiseKit/Pods-TestPromiseKit.debug.xcconfig"; sourceTree = "<group>"; };
		F22326471E34C320007446CC /* TestPromiseKit.app */ = {isa = PBXFileReference; explicitFileType = wrapper.application; includeInIndex = 0; path = TestPromiseKit.app; sourceTree = BUILT_PRODUCTS_DIR; };
		F223264A1E34C320007446CC /* AppDelegate.swift */ = {isa = PBXFileReference; lastKnownFileType = sourcecode.swift; path = AppDelegate.swift; sourceTree = "<group>"; };
		F223264C1E34C320007446CC /* ViewController.swift */ = {isa = PBXFileReference; lastKnownFileType = sourcecode.swift; path = ViewController.swift; sourceTree = "<group>"; };
		F223264F1E34C320007446CC /* Base */ = {isa = PBXFileReference; lastKnownFileType = file.storyboard; name = Base; path = Base.lproj/Main.storyboard; sourceTree = "<group>"; };
		F22326511E34C320007446CC /* Assets.xcassets */ = {isa = PBXFileReference; lastKnownFileType = folder.assetcatalog; path = Assets.xcassets; sourceTree = "<group>"; };
		F22326541E34C320007446CC /* Base */ = {isa = PBXFileReference; lastKnownFileType = file.storyboard; name = Base; path = Base.lproj/LaunchScreen.storyboard; sourceTree = "<group>"; };
		F22326561E34C320007446CC /* Info.plist */ = {isa = PBXFileReference; lastKnownFileType = text.plist.xml; path = Info.plist; sourceTree = "<group>"; };
		FD0FC0FC87A57F981718D553 /* Pods-TestPromiseKit.release.xcconfig */ = {isa = PBXFileReference; includeInIndex = 1; lastKnownFileType = text.xcconfig; name = "Pods-TestPromiseKit.release.xcconfig"; path = "Pods/Target Support Files/Pods-TestPromiseKit/Pods-TestPromiseKit.release.xcconfig"; sourceTree = "<group>"; };
/* End PBXFileReference section */

/* Begin PBXFrameworksBuildPhase section */
		F22326441E34C320007446CC /* Frameworks */ = {
			isa = PBXFrameworksBuildPhase;
			buildActionMask = 2147483647;
			files = (
				C055DBCB98E657CF5C185AC9 /* Pods_TestPromiseKit.framework in Frameworks */,
			);
			runOnlyForDeploymentPostprocessing = 0;
		};
/* End PBXFrameworksBuildPhase section */

/* Begin PBXGroup section */
		5F7B7D07001B9D2284C13C10 /* Pods */ = {
			isa = PBXGroup;
			children = (
				E2DD4DFB4B4254F026582C67 /* Pods-TestPromiseKit.debug.xcconfig */,
				FD0FC0FC87A57F981718D553 /* Pods-TestPromiseKit.release.xcconfig */,
			);
			name = Pods;
			sourceTree = "<group>";
		};
		BB4BBE12A53D6236736EEB79 /* Frameworks */ = {
			isa = PBXGroup;
			children = (
				53BE68D26485E0147D1C8321 /* Pods_TestPromiseKit.framework */,
			);
			name = Frameworks;
			sourceTree = "<group>";
		};
		F223263E1E34C320007446CC = {
			isa = PBXGroup;
			children = (
				F22326491E34C320007446CC /* TestPromiseKit */,
				F22326481E34C320007446CC /* Products */,
				5F7B7D07001B9D2284C13C10 /* Pods */,
				BB4BBE12A53D6236736EEB79 /* Frameworks */,
			);
			sourceTree = "<group>";
		};
		F22326481E34C320007446CC /* Products */ = {
			isa = PBXGroup;
			children = (
				F22326471E34C320007446CC /* TestPromiseKit.app */,
			);
			name = Products;
			sourceTree = "<group>";
		};
		F22326491E34C320007446CC /* TestPromiseKit */ = {
			isa = PBXGroup;
			children = (
				F223264A1E34C320007446CC /* AppDelegate.swift */,
				F223264C1E34C320007446CC /* ViewController.swift */,
				F223264E1E34C320007446CC /* Main.storyboard */,
				F22326511E34C320007446CC /* Assets.xcassets */,
				F22326531E34C320007446CC /* LaunchScreen.storyboard */,
				F22326561E34C320007446CC /* Info.plist */,
			);
			path = TestPromiseKit;
			sourceTree = "<group>";
		};
/* End PBXGroup section */

/* Begin PBXNativeTarget section */
		F22326461E34C320007446CC /* TestPromiseKit */ = {
			isa = PBXNativeTarget;
			buildConfigurationList = F22326591E34C320007446CC /* Build configuration list for PBXNativeTarget "TestPromiseKit" */;
			buildPhases = (
				0A79F83079924D990EB79317 /* [CP] Check Pods Manifest.lock */,
				F22326431E34C320007446CC /* Sources */,
				F22326441E34C320007446CC /* Frameworks */,
				F22326451E34C320007446CC /* Resources */,
				5312DC25F2BA9E83E4983DB8 /* [CP] Embed Pods Frameworks */,
				B51758894F68C405514586B3 /* [CP] Copy Pods Resources */,
			);
			buildRules = (
			);
			dependencies = (
			);
			name = TestPromiseKit;
			productName = TestPromiseKit;
			productReference = F22326471E34C320007446CC /* TestPromiseKit.app */;
			productType = "com.apple.product-type.application";
		};
/* End PBXNativeTarget section */

/* Begin PBXProject section */
		F223263F1E34C320007446CC /* Project object */ = {
			isa = PBXProject;
			attributes = {
				LastSwiftUpdateCheck = 0820;
				LastUpgradeCheck = 0820;
				ORGANIZATIONNAME = Qiuncheng;
				TargetAttributes = {
					F22326461E34C320007446CC = {
						CreatedOnToolsVersion = 8.2.1;
						ProvisioningStyle = Automatic;
					};
				};
			};
			buildConfigurationList = F22326421E34C320007446CC /* Build configuration list for PBXProject "TestPromiseKit" */;
			compatibilityVersion = "Xcode 3.2";
			developmentRegion = English;
			hasScannedForEncodings = 0;
			knownRegions = (
				en,
				Base,
			);
			mainGroup = F223263E1E34C320007446CC;
			productRefGroup = F22326481E34C320007446CC /* Products */;
			projectDirPath = "";
			projectRoot = "";
			targets = (
				F22326461E34C320007446CC /* TestPromiseKit */,
			);
		};
/* End PBXProject section */

/* Begin PBXResourcesBuildPhase section */
		F22326451E34C320007446CC /* Resources */ = {
			isa = PBXResourcesBuildPhase;
			buildActionMask = 2147483647;
			files = (
				F22326551E34C320007446CC /* LaunchScreen.storyboard in Resources */,
				F22326521E34C320007446CC /* Assets.xcassets in Resources */,
				F22326501E34C320007446CC /* Main.storyboard in Resources */,
			);
			runOnlyForDeploymentPostprocessing = 0;
		};
/* End PBXResourcesBuildPhase section */

/* Begin PBXShellScriptBuildPhase section */
		0A79F83079924D990EB79317 /* [CP] Check Pods Manifest.lock */ = {
			isa = PBXShellScriptBuildPhase;
			buildActionMask = 2147483647;
			files = (
			);
			inputPaths = (
			);
			name = "[CP] Check Pods Manifest.lock";
			outputPaths = (
			);
			runOnlyForDeploymentPostprocessing = 0;
			shellPath = /bin/sh;
			shellScript = "diff \"${PODS_ROOT}/../Podfile.lock\" \"${PODS_ROOT}/Manifest.lock\" > /dev/null\nif [ $? != 0 ] ; then\n    # print error to STDERR\n    echo \"error: The sandbox is not in sync with the Podfile.lock. Run 'pod install' or update your CocoaPods installation.\" >&2\n    exit 1\nfi\n";
			showEnvVarsInLog = 0;
		};
		5312DC25F2BA9E83E4983DB8 /* [CP] Embed Pods Frameworks */ = {
			isa = PBXShellScriptBuildPhase;
			buildActionMask = 2147483647;
			files = (
			);
			inputPaths = (
			);
			name = "[CP] Embed Pods Frameworks";
			outputPaths = (
			);
			runOnlyForDeploymentPostprocessing = 0;
			shellPath = /bin/sh;
			shellScript = "\"${SRCROOT}/Pods/Target Support Files/Pods-TestPromiseKit/Pods-TestPromiseKit-frameworks.sh\"\n";
			showEnvVarsInLog = 0;
		};
		B51758894F68C405514586B3 /* [CP] Copy Pods Resources */ = {
			isa = PBXShellScriptBuildPhase;
			buildActionMask = 2147483647;
			files = (
			);
			inputPaths = (
			);
			name = "[CP] Copy Pods Resources";
			outputPaths = (
			);
			runOnlyForDeploymentPostprocessing = 0;
			shellPath = /bin/sh;
			shellScript = "\"${SRCROOT}/Pods/Target Support Files/Pods-TestPromiseKit/Pods-TestPromiseKit-resources.sh\"\n";
			showEnvVarsInLog = 0;
		};
/* End PBXShellScriptBuildPhase section */

/* Begin PBXSourcesBuildPhase section */
		F22326431E34C320007446CC /* Sources */ = {
			isa = PBXSourcesBuildPhase;
			buildActionMask = 2147483647;
			files = (
				F223264D1E34C320007446CC /* ViewController.swift in Sources */,
				F223264B1E34C320007446CC /* AppDelegate.swift in Sources */,
			);
			runOnlyForDeploymentPostprocessing = 0;
		};
/* End PBXSourcesBuildPhase section */

/* Begin PBXVariantGroup section */
		F223264E1E34C320007446CC /* Main.storyboard */ = {
			isa = PBXVariantGroup;
			children = (
				F223264F1E34C320007446CC /* Base */,
			);
			name = Main.storyboard;
			sourceTree = "<group>";
		};
		F22326531E34C320007446CC /* LaunchScreen.storyboard */ = {
			isa = PBXVariantGroup;
			children = (
				F22326541E34C320007446CC /* Base */,
			);
			name = LaunchScreen.storyboard;
			sourceTree = "<group>";
		};
/* End PBXVariantGroup section */

/* Begin XCBuildConfiguration section */
		F22326571E34C320007446CC /* Debug */ = {
			isa = XCBuildConfiguration;
			buildSettings = {
				ALWAYS_SEARCH_USER_PATHS = NO;
				CLANG_ANALYZER_NONNULL = YES;
				CLANG_CXX_LANGUAGE_STANDARD = "gnu++0x";
				CLANG_CXX_LIBRARY = "libc++";
				CLANG_ENABLE_MODULES = YES;
				CLANG_ENABLE_OBJC_ARC = YES;
				CLANG_WARN_BOOL_CONVERSION = YES;
				CLANG_WARN_CONSTANT_CONVERSION = YES;
				CLANG_WARN_DIRECT_OBJC_ISA_USAGE = YES_ERROR;
				CLANG_WARN_DOCUMENTATION_COMMENTS = YES;
				CLANG_WARN_EMPTY_BODY = YES;
				CLANG_WARN_ENUM_CONVERSION = YES;
				CLANG_WARN_INFINITE_RECURSION = YES;
				CLANG_WARN_INT_CONVERSION = YES;
				CLANG_WARN_OBJC_ROOT_CLASS = YES_ERROR;
				CLANG_WARN_SUSPICIOUS_MOVE = YES;
				CLANG_WARN_UNREACHABLE_CODE = YES;
				CLANG_WARN__DUPLICATE_METHOD_MATCH = YES;
				"CODE_SIGN_IDENTITY[sdk=iphoneos*]" = "iPhone Developer";
				COPY_PHASE_STRIP = NO;
				DEBUG_INFORMATION_FORMAT = dwarf;
				ENABLE_STRICT_OBJC_MSGSEND = YES;
				ENABLE_TESTABILITY = YES;
				GCC_C_LANGUAGE_STANDARD = gnu99;
				GCC_DYNAMIC_NO_PIC = NO;
				GCC_NO_COMMON_BLOCKS = YES;
				GCC_OPTIMIZATION_LEVEL = 0;
				GCC_PREPROCESSOR_DEFINITIONS = (
					"DEBUG=1",
					"$(inherited)",
				);
				GCC_WARN_64_TO_32_BIT_CONVERSION = YES;
				GCC_WARN_ABOUT_RETURN_TYPE = YES_ERROR;
				GCC_WARN_UNDECLARED_SELECTOR = YES;
				GCC_WARN_UNINITIALIZED_AUTOS = YES_AGGRESSIVE;
				GCC_WARN_UNUSED_FUNCTION = YES;
				GCC_WARN_UNUSED_VARIABLE = YES;
				IPHONEOS_DEPLOYMENT_TARGET = 10.2;
				MTL_ENABLE_DEBUG_INFO = YES;
				ONLY_ACTIVE_ARCH = YES;
				SDKROOT = iphoneos;
				SWIFT_ACTIVE_COMPILATION_CONDITIONS = DEBUG;
				SWIFT_OPTIMIZATION_LEVEL = "-Onone";
			};
			name = Debug;
		};
		F22326581E34C320007446CC /* Release */ = {
			isa = XCBuildConfiguration;
			buildSettings = {
				ALWAYS_SEARCH_USER_PATHS = NO;
				CLANG_ANALYZER_NONNULL = YES;
				CLANG_CXX_LANGUAGE_STANDARD = "gnu++0x";
				CLANG_CXX_LIBRARY = "libc++";
				CLANG_ENABLE_MODULES = YES;
				CLANG_ENABLE_OBJC_ARC = YES;
				CLANG_WARN_BOOL_CONVERSION = YES;
				CLANG_WARN_CONSTANT_CONVERSION = YES;
				CLANG_WARN_DIRECT_OBJC_ISA_USAGE = YES_ERROR;
				CLANG_WARN_DOCUMENTATION_COMMENTS = YES;
				CLANG_WARN_EMPTY_BODY = YES;
				CLANG_WARN_ENUM_CONVERSION = YES;
				CLANG_WARN_INFINITE_RECURSION = YES;
				CLANG_WARN_INT_CONVERSION = YES;
				CLANG_WARN_OBJC_ROOT_CLASS = YES_ERROR;
				CLANG_WARN_SUSPICIOUS_MOVE = YES;
				CLANG_WARN_UNREACHABLE_CODE = YES;
				CLANG_WARN__DUPLICATE_METHOD_MATCH = YES;
				"CODE_SIGN_IDENTITY[sdk=iphoneos*]" = "iPhone Developer";
				COPY_PHASE_STRIP = NO;
				DEBUG_INFORMATION_FORMAT = "dwarf-with-dsym";
				ENABLE_NS_ASSERTIONS = NO;
				ENABLE_STRICT_OBJC_MSGSEND = YES;
				GCC_C_LANGUAGE_STANDARD = gnu99;
				GCC_NO_COMMON_BLOCKS = YES;
				GCC_WARN_64_TO_32_BIT_CONVERSION = YES;
				GCC_WARN_ABOUT_RETURN_TYPE = YES_ERROR;
				GCC_WARN_UNDECLARED_SELECTOR = YES;
				GCC_WARN_UNINITIALIZED_AUTOS = YES_AGGRESSIVE;
				GCC_WARN_UNUSED_FUNCTION = YES;
				GCC_WARN_UNUSED_VARIABLE = YES;
				IPHONEOS_DEPLOYMENT_TARGET = 10.2;
				MTL_ENABLE_DEBUG_INFO = NO;
				SDKROOT = iphoneos;
				SWIFT_OPTIMIZATION_LEVEL = "-Owholemodule";
				VALIDATE_PRODUCT = YES;
			};
			name = Release;
		};
		F223265A1E34C320007446CC /* Debug */ = {
			isa = XCBuildConfiguration;
			baseConfigurationReference = E2DD4DFB4B4254F026582C67 /* Pods-TestPromiseKit.debug.xcconfig */;
			buildSettings = {
				ASSETCATALOG_COMPILER_APPICON_NAME = AppIcon;
				INFOPLIST_FILE = TestPromiseKit/Info.plist;
				LD_RUNPATH_SEARCH_PATHS = "$(inherited) @executable_path/Frameworks";
				PRODUCT_BUNDLE_IDENTIFIER = com.qiuncheng.TestPromiseKit;
				PRODUCT_NAME = "$(TARGET_NAME)";
				SWIFT_VERSION = 3.0;
			};
			name = Debug;
		};
		F223265B1E34C320007446CC /* Release */ = {
			isa = XCBuildConfiguration;
			baseConfigurationReference = FD0FC0FC87A57F981718D553 /* Pods-TestPromiseKit.release.xcconfig */;
			buildSettings = {
				ASSETCATALOG_COMPILER_APPICON_NAME = AppIcon;
				INFOPLIST_FILE = TestPromiseKit/Info.plist;
				LD_RUNPATH_SEARCH_PATHS = "$(inherited) @executable_path/Frameworks";
				PRODUCT_BUNDLE_IDENTIFIER = com.qiuncheng.TestPromiseKit;
				PRODUCT_NAME = "$(TARGET_NAME)";
				SWIFT_VERSION = 3.0;
			};
			name = Release;
		};
/* End XCBuildConfiguration section */

/* Begin XCConfigurationList section */
		F22326421E34C320007446CC /* Build configuration list for PBXProject "TestPromiseKit" */ = {
			isa = XCConfigurationList;
			buildConfigurations = (
				F22326571E34C320007446CC /* Debug */,
				F22326581E34C320007446CC /* Release */,
			);
			defaultConfigurationIsVisible = 0;
			defaultConfigurationName = Release;
		};
		F22326591E34C320007446CC /* Build configuration list for PBXNativeTarget "TestPromiseKit" */ = {
			isa = XCConfigurationList;
			buildConfigurations = (
				F223265A1E34C320007446CC /* Debug */,
				F223265B1E34C320007446CC /* Release */,
			);
			defaultConfigurationIsVisible = 0;
		};
/* End XCConfigurationList section */
	};
	rootObject = F223263F1E34C320007446CC /* Project object */;
}
