// !$*UTF8*$!
{
	archiveVersion = 1;
	classes = {
	};
	objectVersion = 46;
	objects = {

/* Begin PBXBuildFile section */
		868325031E0FF9B1001C5DDB /* AppDelegate.swift in Sources */ = {isa = PBXBuildFile; fileRef = 868325021E0FF9B1001C5DDB /* AppDelegate.swift */; };
		868325051E0FF9B1001C5DDB /* ViewController.swift in Sources */ = {isa = PBXBuildFile; fileRef = 868325041E0FF9B1001C5DDB /* ViewController.swift */; };
		868325081E0FF9B1001C5DDB /* Main.storyboard in Resources */ = {isa = PBXBuildFile; fileRef = 868325061E0FF9B1001C5DDB /* Main.storyboard */; };
		8683250A1E0FF9B1001C5DDB /* Assets.xcassets in Resources */ = {isa = PBXBuildFile; fileRef = 868325091E0FF9B1001C5DDB /* Assets.xcassets */; };
		8683250D1E0FF9B1001C5DDB /* LaunchScreen.storyboard in Resources */ = {isa = PBXBuildFile; fileRef = 8683250B1E0FF9B1001C5DDB /* LaunchScreen.storyboard */; };
/* End PBXBuildFile section */

/* Begin PBXFileReference section */
		868324FF1E0FF9B1001C5DDB /* PropertyAnimation.app */ = {isa = PBXFileReference; explicitFileType = wrapper.application; includeInIndex = 0; path = PropertyAnimation.app; sourceTree = BUILT_PRODUCTS_DIR; };
		868325021E0FF9B1001C5DDB /* AppDelegate.swift */ = {isa = PBXFileReference; lastKnownFileType = sourcecode.swift; path = AppDelegate.swift; sourceTree = "<group>"; };
		868325041E0FF9B1001C5DDB /* ViewController.swift */ = {isa = PBXFileReference; lastKnownFileType = sourcecode.swift; path = ViewController.swift; sourceTree = "<group>"; };
		868325071E0FF9B1001C5DDB /* Base */ = {isa = PBXFileReference; lastKnownFileType = file.storyboard; name = Base; path = Base.lproj/Main.storyboard; sourceTree = "<group>"; };
		868325091E0FF9B1001C5DDB /* Assets.xcassets */ = {isa = PBXFileReference; lastKnownFileType = folder.assetcatalog; path = Assets.xcassets; sourceTree = "<group>"; };
		8683250C1E0FF9B1001C5DDB /* Base */ = {isa = PBXFileReference; lastKnownFileType = file.storyboard; name = Base; path = Base.lproj/LaunchScreen.storyboard; sourceTree = "<group>"; };
		8683250E1E0FF9B1001C5DDB /* Info.plist */ = {isa = PBXFileReference; lastKnownFileType = text.plist.xml; path = Info.plist; sourceTree = "<group>"; };
/* End PBXFileReference section */

/* Begin PBXFrameworksBuildPhase section */
		868324FC1E0FF9B1001C5DDB /* Frameworks */ = {
			isa = PBXFrameworksBuildPhase;
			buildActionMask = 2147483647;
			files = (
			);
			runOnlyForDeploymentPostprocessing = 0;
		};
/* End PBXFrameworksBuildPhase section */

/* Begin PBXGroup section */
		868324F61E0FF9B1001C5DDB = {
			isa = PBXGroup;
			children = (
				868325011E0FF9B1001C5DDB /* PropertyAnimation */,
				868325001E0FF9B1001C5DDB /* Products */,
			);
			sourceTree = "<group>";
		};
		868325001E0FF9B1001C5DDB /* Products */ = {
			isa = PBXGroup;
			children = (
				868324FF1E0FF9B1001C5DDB /* PropertyAnimation.app */,
			);
			name = Products;
			sourceTree = "<group>";
		};
		868325011E0FF9B1001C5DDB /* PropertyAnimation */ = {
			isa = PBXGroup;
			children = (
				868325021E0FF9B1001C5DDB /* AppDelegate.swift */,
				868325041E0FF9B1001C5DDB /* ViewController.swift */,
				868325061E0FF9B1001C5DDB /* Main.storyboard */,
				868325091E0FF9B1001C5DDB /* Assets.xcassets */,
				8683250B1E0FF9B1001C5DDB /* LaunchScreen.storyboard */,
				8683250E1E0FF9B1001C5DDB /* Info.plist */,
			);
			path = PropertyAnimation;
			sourceTree = "<group>";
		};
/* End PBXGroup section */

/* Begin PBXNativeTarget section */
		868324FE1E0FF9B1001C5DDB /* PropertyAnimation */ = {
			isa = PBXNativeTarget;
			buildConfigurationList = 868325111E0FF9B1001C5DDB /* Build configuration list for PBXNativeTarget "PropertyAnimation" */;
			buildPhases = (
				868324FB1E0FF9B1001C5DDB /* Sources */,
				868324FC1E0FF9B1001C5DDB /* Frameworks */,
				868324FD1E0FF9B1001C5DDB /* Resources */,
			);
			buildRules = (
			);
			dependencies = (
			);
			name = PropertyAnimation;
			productName = PropertyAnimation;
			productReference = 868324FF1E0FF9B1001C5DDB /* PropertyAnimation.app */;
			productType = "com.apple.product-type.application";
		};
/* End PBXNativeTarget section */

/* Begin PBXProject section */
		868324F71E0FF9B1001C5DDB /* Project object */ = {
			isa = PBXProject;
			attributes = {
				LastSwiftUpdateCheck = 0820;
				LastUpgradeCheck = 0820;
				ORGANIZATIONNAME = "Qiun Cheng";
				TargetAttributes = {
					868324FE1E0FF9B1001C5DDB = {
						CreatedOnToolsVersion = 8.2;
						DevelopmentTeam = 57EP4P69NV;
						ProvisioningStyle = Automatic;
					};
				};
			};
			buildConfigurationList = 868324FA1E0FF9B1001C5DDB /* Build configuration list for PBXProject "PropertyAnimation" */;
			compatibilityVersion = "Xcode 3.2";
			developmentRegion = English;
			hasScannedForEncodings = 0;
			knownRegions = (
				en,
				Base,
			);
			mainGroup = 868324F61E0FF9B1001C5DDB;
			productRefGroup = 868325001E0FF9B1001C5DDB /* Products */;
			projectDirPath = "";
			projectRoot = "";
			targets = (
				868324FE1E0FF9B1001C5DDB /* PropertyAnimation */,
			);
		};
/* End PBXProject section */

/* Begin PBXResourcesBuildPhase section */
		868324FD1E0FF9B1001C5DDB /* Resources */ = {
			isa = PBXResourcesBuildPhase;
			buildActionMask = 2147483647;
			files = (
				8683250D1E0FF9B1001C5DDB /* LaunchScreen.storyboard in Resources */,
				8683250A1E0FF9B1001C5DDB /* Assets.xcassets in Resources */,
				868325081E0FF9B1001C5DDB /* Main.storyboard in Resources */,
			);
			runOnlyForDeploymentPostprocessing = 0;
		};
/* End PBXResourcesBuildPhase section */

/* Begin PBXSourcesBuildPhase section */
		868324FB1E0FF9B1001C5DDB /* Sources */ = {
			isa = PBXSourcesBuildPhase;
			buildActionMask = 2147483647;
			files = (
				868325051E0FF9B1001C5DDB /* ViewController.swift in Sources */,
				868325031E0FF9B1001C5DDB /* AppDelegate.swift in Sources */,
			);
			runOnlyForDeploymentPostprocessing = 0;
		};
/* End PBXSourcesBuildPhase section */

/* Begin PBXVariantGroup section */
		868325061E0FF9B1001C5DDB /* Main.storyboard */ = {
			isa = PBXVariantGroup;
			children = (
				868325071E0FF9B1001C5DDB /* Base */,
			);
			name = Main.storyboard;
			sourceTree = "<group>";
		};
		8683250B1E0FF9B1001C5DDB /* LaunchScreen.storyboard */ = {
			isa = PBXVariantGroup;
			children = (
				8683250C1E0FF9B1001C5DDB /* Base */,
			);
			name = LaunchScreen.storyboard;
			sourceTree = "<group>";
		};
/* End PBXVariantGroup section */

/* Begin XCBuildConfiguration section */
		8683250F1E0FF9B1001C5DDB /* Debug */ = {
			isa = XCBuildConfiguration;
			buildSettings = {
				ALWAYS_SEARCH_USER_PATHS = NO;
				CLANG_ANALYZER_NONNULL = YES;
				CLANG_CXX_LANGUAGE_STANDARD = "gnu++0x";
				CLANG_CXX_LIBRARY = "libc++";
				CLANG_ENABLE_MODULES = YES;
				CLANG_ENABLE_OBJC_ARC = YES;
				CLANG_WARN_BOOL_CONVERSION = YES;
				CLANG_WARN_CONSTANT_CONVERSION = YES;
				CLANG_WARN_DIRECT_OBJC_ISA_USAGE = YES_ERROR;
				CLANG_WARN_DOCUMENTATION_COMMENTS = YES;
				CLANG_WARN_EMPTY_BODY = YES;
				CLANG_WARN_ENUM_CONVERSION = YES;
				CLANG_WARN_INFINITE_RECURSION = YES;
				CLANG_WARN_INT_CONVERSION = YES;
				CLANG_WARN_OBJC_ROOT_CLASS = YES_ERROR;
				CLANG_WARN_SUSPICIOUS_MOVE = YES;
				CLANG_WARN_UNREACHABLE_CODE = YES;
				CLANG_WARN__DUPLICATE_METHOD_MATCH = YES;
				"CODE_SIGN_IDENTITY[sdk=iphoneos*]" = "iPhone Developer";
				COPY_PHASE_STRIP = NO;
				DEBUG_INFORMATION_FORMAT = dwarf;
				ENABLE_STRICT_OBJC_MSGSEND = YES;
				ENABLE_TESTABILITY = YES;
				GCC_C_LANGUAGE_STANDARD = gnu99;
				GCC_DYNAMIC_NO_PIC = NO;
				GCC_NO_COMMON_BLOCKS = YES;
				GCC_OPTIMIZATION_LEVEL = 0;
				GCC_PREPROCESSOR_DEFINITIONS = (
					"DEBUG=1",
					"$(inherited)",
				);
				GCC_WARN_64_TO_32_BIT_CONVERSION = YES;
				GCC_WARN_ABOUT_RETURN_TYPE = YES_ERROR;
				GCC_WARN_UNDECLARED_SELECTOR = YES;
				GCC_WARN_UNINITIALIZED_AUTOS = YES_AGGRESSIVE;
				GCC_WARN_UNUSED_FUNCTION = YES;
				GCC_WARN_UNUSED_VARIABLE = YES;
				IPHONEOS_DEPLOYMENT_TARGET = 10.2;
				MTL_ENABLE_DEBUG_INFO = YES;
				ONLY_ACTIVE_ARCH = YES;
				SDKROOT = iphoneos;
				SWIFT_ACTIVE_COMPILATION_CONDITIONS = DEBUG;
				SWIFT_OPTIMIZATION_LEVEL = "-Onone";
			};
			name = Debug;
		};
		868325101E0FF9B1001C5DDB /* Release */ = {
			isa = XCBuildConfiguration;
			buildSettings = {
				ALWAYS_SEARCH_USER_PATHS = NO;
				CLANG_ANALYZER_NONNULL = YES;
				CLANG_CXX_LANGUAGE_STANDARD = "gnu++0x";
				CLANG_CXX_LIBRARY = "libc++";
				CLANG_ENABLE_MODULES = YES;
				CLANG_ENABLE_OBJC_ARC = YES;
				CLANG_WARN_BOOL_CONVERSION = YES;
				CLANG_WARN_CONSTANT_CONVERSION = YES;
				CLANG_WARN_DIRECT_OBJC_ISA_USAGE = YES_ERROR;
				CLANG_WARN_DOCUMENTATION_COMMENTS = YES;
				CLANG_WARN_EMPTY_BODY = YES;
				CLANG_WARN_ENUM_CONVERSION = YES;
				CLANG_WARN_INFINITE_RECURSION = YES;
				CLANG_WARN_INT_CONVERSION = YES;
				CLANG_WARN_OBJC_ROOT_CLASS = YES_ERROR;
				CLANG_WARN_SUSPICIOUS_MOVE = YES;
				CLANG_WARN_UNREACHABLE_CODE = YES;
				CLANG_WARN__DUPLICATE_METHOD_MATCH = YES;
				"CODE_SIGN_IDENTITY[sdk=iphoneos*]" = "iPhone Developer";
				COPY_PHASE_STRIP = NO;
				DEBUG_INFORMATION_FORMAT = "dwarf-with-dsym";
				ENABLE_NS_ASSERTIONS = NO;
				ENABLE_STRICT_OBJC_MSGSEND = YES;
				GCC_C_LANGUAGE_STANDARD = gnu99;
				GCC_NO_COMMON_BLOCKS = YES;
				GCC_WARN_64_TO_32_BIT_CONVERSION = YES;
				GCC_WARN_ABOUT_RETURN_TYPE = YES_ERROR;
				GCC_WARN_UNDECLARED_SELECTOR = YES;
				GCC_WARN_UNINITIALIZED_AUTOS = YES_AGGRESSIVE;
				GCC_WARN_UNUSED_FUNCTION = YES;
				GCC_WARN_UNUSED_VARIABLE = YES;
				IPHONEOS_DEPLOYMENT_TARGET = 10.2;
				MTL_ENABLE_DEBUG_INFO = NO;
				SDKROOT = iphoneos;
				SWIFT_OPTIMIZATION_LEVEL = "-Owholemodule";
				VALIDATE_PRODUCT = YES;
			};
			name = Release;
		};
		868325121E0FF9B1001C5DDB /* Debug */ = {
			isa = XCBuildConfiguration;
			buildSettings = {
				ASSETCATALOG_COMPILER_APPICON_NAME = AppIcon;
				DEVELOPMENT_TEAM = 57EP4P69NV;
				INFOPLIST_FILE = PropertyAnimation/Info.plist;
				LD_RUNPATH_SEARCH_PATHS = "$(inherited) @executable_path/Frameworks";
				PRODUCT_BUNDLE_IDENTIFIER = com.qiuncheng.PropertyAnimation;
				PRODUCT_NAME = "$(TARGET_NAME)";
				SWIFT_VERSION = 3.0;
			};
			name = Debug;
		};
		868325131E0FF9B1001C5DDB /* Release */ = {
			isa = XCBuildConfiguration;
			buildSettings = {
				ASSETCATALOG_COMPILER_APPICON_NAME = AppIcon;
				DEVELOPMENT_TEAM = 57EP4P69NV;
				INFOPLIST_FILE = PropertyAnimation/Info.plist;
				LD_RUNPATH_SEARCH_PATHS = "$(inherited) @executable_path/Frameworks";
				PRODUCT_BUNDLE_IDENTIFIER = com.qiuncheng.PropertyAnimation;
				PRODUCT_NAME = "$(TARGET_NAME)";
				SWIFT_VERSION = 3.0;
			};
			name = Release;
		};
/* End XCBuildConfiguration section */

/* Begin XCConfigurationList section */
		868324FA1E0FF9B1001C5DDB /* Build configuration list for PBXProject "PropertyAnimation" */ = {
			isa = XCConfigurationList;
			buildConfigurations = (
				8683250F1E0FF9B1001C5DDB /* Debug */,
				868325101E0FF9B1001C5DDB /* Release */,
			);
			defaultConfigurationIsVisible = 0;
			defaultConfigurationName = Release;
		};
		868325111E0FF9B1001C5DDB /* Build configuration list for PBXNativeTarget "PropertyAnimation" */ = {
			isa = XCConfigurationList;
			buildConfigurations = (
				868325121E0FF9B1001C5DDB /* Debug */,
				868325131E0FF9B1001C5DDB /* Release */,
			);
			defaultConfigurationIsVisible = 0;
		};
/* End XCConfigurationList section */
	};
	rootObject = 868324F71E0FF9B1001C5DDB /* Project object */;
}
